
Microsoft Visual Studio Solution File, Format Version 12.00
# Visual Studio 15
VisualStudioVersion = 15.0.26228.4
MinimumVisualStudioVersion = 10.0.40219.1
Project("{9A19103F-16F7-4668-BE54-9A1E7A4F7556}") = "Benchmark", "Benchmark\Benchmark.csproj", "{58B044CA-C04D-433A-B4EF-2F68809AF225}"
EndProject
Project("{9A19103F-16F7-4668-BE54-9A1E7A4F7556}") = "Library", "Library\Library.csproj", "{40F26F72-09D8-434D-A785-719F1C2D3151}"
EndProject
Project("{9A19103F-16F7-4668-BE54-9A1E7A4F7556}") = "SerializerGenerator", "SerializerGenerator\SerializerGenerator.csproj", "{C706242C-9F99-4D4A-8B1D-C86F6D20B30B}"
EndProject
Project("{9A19103F-16F7-4668-BE54-9A1E7A4F7556}") = "Poc", "Poc\Poc.csproj", "{D8FAE77C-1C88-4FD4-A11D-9750551CB299}"
EndProject
Global
	GlobalSection(SolutionConfigurationPlatforms) = preSolution
		Debug|Any CPU = Debug|Any CPU
		Debug|x64 = Debug|x64
		Debug|x86 = Debug|x86
		Release|Any CPU = Release|Any CPU
		Release|x64 = Release|x64
		Release|x86 = Release|x86
	EndGlobalSection
	GlobalSection(ProjectConfigurationPlatforms) = postSolution
		{58B044CA-C04D-433A-B4EF-2F68809AF225}.Debug|Any CPU.ActiveCfg = Debug|Any CPU
		{58B044CA-C04D-433A-B4EF-2F68809AF225}.Debug|Any CPU.Build.0 = Debug|Any CPU
		{58B044CA-C04D-433A-B4EF-2F68809AF225}.Debug|x64.ActiveCfg = Debug|Any CPU
		{58B044CA-C04D-433A-B4EF-2F68809AF225}.Debug|x64.Build.0 = Debug|Any CPU
		{58B044CA-C04D-433A-B4EF-2F68809AF225}.Debug|x86.ActiveCfg = Debug|Any CPU
		{58B044CA-C04D-433A-B4EF-2F68809AF225}.Debug|x86.Build.0 = Debug|Any CPU
		{58B044CA-C04D-433A-B4EF-2F68809AF225}.Release|Any CPU.ActiveCfg = Release|Any CPU
		{58B044CA-C04D-433A-B4EF-2F68809AF225}.Release|Any CPU.Build.0 = Release|Any CPU
		{58B044CA-C04D-433A-B4EF-2F68809AF225}.Release|x64.ActiveCfg = Release|Any CPU
		{58B044CA-C04D-433A-B4EF-2F68809AF225}.Release|x64.Build.0 = Release|Any CPU
		{58B044CA-C04D-433A-B4EF-2F68809AF225}.Release|x86.ActiveCfg = Release|Any CPU
		{58B044CA-C04D-433A-B4EF-2F68809AF225}.Release|x86.Build.0 = Release|Any CPU
		{40F26F72-09D8-434D-A785-719F1C2D3151}.Debug|Any CPU.ActiveCfg = Debug|Any CPU
		{40F26F72-09D8-434D-A785-719F1C2D3151}.Debug|Any CPU.Build.0 = Debug|Any CPU
		{40F26F72-09D8-434D-A785-719F1C2D3151}.Debug|x64.ActiveCfg = Debug|Any CPU
		{40F26F72-09D8-434D-A785-719F1C2D3151}.Debug|x64.Build.0 = Debug|Any CPU
		{40F26F72-09D8-434D-A785-719F1C2D3151}.Debug|x86.ActiveCfg = Debug|Any CPU
		{40F26F72-09D8-434D-A785-719F1C2D3151}.Debug|x86.Build.0 = Debug|Any CPU
		{40F26F72-09D8-434D-A785-719F1C2D3151}.Release|Any CPU.ActiveCfg = Release|Any CPU
		{40F26F72-09D8-434D-A785-719F1C2D3151}.Release|Any CPU.Build.0 = Release|Any CPU
		{40F26F72-09D8-434D-A785-719F1C2D3151}.Release|x64.ActiveCfg = Release|Any CPU
		{40F26F72-09D8-434D-A785-719F1C2D3151}.Release|x64.Build.0 = Release|Any CPU
		{40F26F72-09D8-434D-A785-719F1C2D3151}.Release|x86.ActiveCfg = Release|Any CPU
		{40F26F72-09D8-434D-A785-719F1C2D3151}.Release|x86.Build.0 = Release|Any CPU
		{C706242C-9F99-4D4A-8B1D-C86F6D20B30B}.Debug|Any CPU.ActiveCfg = Debug|Any CPU
		{C706242C-9F99-4D4A-8B1D-C86F6D20B30B}.Debug|Any CPU.Build.0 = Debug|Any CPU
		{C706242C-9F99-4D4A-8B1D-C86F6D20B30B}.Debug|x64.ActiveCfg = Debug|Any CPU
		{C706242C-9F99-4D4A-8B1D-C86F6D20B30B}.Debug|x64.Build.0 = Debug|Any CPU
		{C706242C-9F99-4D4A-8B1D-C86F6D20B30B}.Debug|x86.ActiveCfg = Debug|Any CPU
		{C706242C-9F99-4D4A-8B1D-C86F6D20B30B}.Debug|x86.Build.0 = Debug|Any CPU
		{C706242C-9F99-4D4A-8B1D-C86F6D20B30B}.Release|Any CPU.ActiveCfg = Release|Any CPU
		{C706242C-9F99-4D4A-8B1D-C86F6D20B30B}.Release|Any CPU.Build.0 = Release|Any CPU
		{C706242C-9F99-4D4A-8B1D-C86F6D20B30B}.Release|x64.ActiveCfg = Release|Any CPU
		{C706242C-9F99-4D4A-8B1D-C86F6D20B30B}.Release|x64.Build.0 = Release|Any CPU
		{C706242C-9F99-4D4A-8B1D-C86F6D20B30B}.Release|x86.ActiveCfg = Release|Any CPU
		{C706242C-9F99-4D4A-8B1D-C86F6D20B30B}.Release|x86.Build.0 = Release|Any CPU
		{D8FAE77C-1C88-4FD4-A11D-9750551CB299}.Debug|Any CPU.ActiveCfg = Debug|Any CPU
		{D8FAE77C-1C88-4FD4-A11D-9750551CB299}.Debug|Any CPU.Build.0 = Debug|Any CPU
		{D8FAE77C-1C88-4FD4-A11D-9750551CB299}.Debug|x64.ActiveCfg = Debug|Any CPU
		{D8FAE77C-1C88-4FD4-A11D-9750551CB299}.Debug|x64.Build.0 = Debug|Any CPU
		{D8FAE77C-1C88-4FD4-A11D-9750551CB299}.Debug|x86.ActiveCfg = Debug|Any CPU
		{D8FAE77C-1C88-4FD4-A11D-9750551CB299}.Debug|x86.Build.0 = Debug|Any CPU
		{D8FAE77C-1C88-4FD4-A11D-9750551CB299}.Release|Any CPU.ActiveCfg = Release|Any CPU
		{D8FAE77C-1C88-4FD4-A11D-9750551CB299}.Release|Any CPU.Build.0 = Release|Any CPU
		{D8FAE77C-1C88-4FD4-A11D-9750551CB299}.Release|x64.ActiveCfg = Release|Any CPU
		{D8FAE77C-1C88-4FD4-A11D-9750551CB299}.Release|x64.Build.0 = Release|Any CPU
		{D8FAE77C-1C88-4FD4-A11D-9750551CB299}.Release|x86.ActiveCfg = Release|Any CPU
		{D8FAE77C-1C88-4FD4-A11D-9750551CB299}.Release|x86.Build.0 = Release|Any CPU
	EndGlobalSection
	GlobalSection(SolutionProperties) = preSolution
		HideSolutionNode = FALSE
	EndGlobalSection
EndGlobal
